
Microsoft Visual Studio Solution File, Format Version 12.00
# Visual Studio Version 17
VisualStudioVersion = 17.7.34031.279
MinimumVisualStudioVersion = 10.0.40219.1
Project("{FAE04EC0-301F-11D3-BF4B-00C04F79EFBC}") = "laba62", "laba62\laba62.csproj", "{A8356A1F-BDD1-4BF7-9410-ADC2CA8EC0BD}"
EndProject
Global
	GlobalSection(SolutionConfigurationPlatforms) = preSolution
		Debug|Any CPU = Debug|Any CPU
		Release|Any CPU = Release|Any CPU
	EndGlobalSection
	GlobalSection(ProjectConfigurationPlatforms) = postSolution
		{A8356A1F-BDD1-4BF7-9410-ADC2CA8EC0BD}.Debug|Any CPU.ActiveCfg = Debug|Any CPU
		{A8356A1F-BDD1-4BF7-9410-ADC2CA8EC0BD}.Debug|Any CPU.Build.0 = Debug|Any CPU
		{A8356A1F-BDD1-4BF7-9410-ADC2CA8EC0BD}.Release|Any CPU.ActiveCfg = Release|Any CPU
		{A8356A1F-BDD1-4BF7-9410-ADC2CA8EC0BD}.Release|Any CPU.Build.0 = Release|Any CPU
	EndGlobalSection
	GlobalSection(SolutionProperties) = preSolution
		HideSolutionNode = FALSE
	EndGlobalSection
	GlobalSection(ExtensibilityGlobals) = postSolution
		SolutionGuid = {405CEE37-3B36-4452-82C2-AEE8760C9361}
	EndGlobalSection
EndGlobal
